// !$*UTF8*$!
{
	archiveVersion = 1;
	classes = {
	};
	objectVersion = 77;
	objects = {

/* Begin PBXBuildFile section */
		11304CD92F9EF2F500B3CBE0 /* WKWebView+Ext.swift in Sources */ = {isa = PBXBuildFile; fileRef = 11304CD82F9EF2EE00B3CBE0 /* WKWebView+Ext.swift */; };
		11304CDB2F9F051900B3CBE0 /* PlayerService.swift in Sources */ = {isa = PBXBuildFile; fileRef = 11304CDA2F9F051500B3CBE0 /* PlayerService.swift */; };
		11304CDD2F9F1CD200B3CBE0 /* MetadataSyncManager.swift in Sources */ = {isa = PBXBuildFile; fileRef = 11304CDC2F9F1CCD00B3CBE0 /* MetadataSyncManager.swift */; };
		114CF3FB2F9CF6D000DB1D6B /* APIClient.swift in Sources */ = {isa = PBXBuildFile; fileRef = 114CF3FA2F9CF6C900DB1D6B /* APIClient.swift */; };
		114CF3FD2F9CF73A00DB1D6B /* Status.swift in Sources */ = {isa = PBXBuildFile; fileRef = 114CF3FC2F9CF73900DB1D6B /* Status.swift */; };
		114CF3FF2F9CF76B00DB1D6B /* Song.swift in Sources */ = {isa = PBXBuildFile; fileRef = 114CF3FE2F9CF76900DB1D6B /* Song.swift */; };
		114CF40D2F9CFAA600DB1D6B /* AppPreference.swift in Sources */ = {isa = PBXBuildFile; fileRef = 114CF40A2F9CFAA600DB1D6B /* AppPreference.swift */; };
		114CF40E2F9CFAA600DB1D6B /* Settings.swift in Sources */ = {isa = PBXBuildFile; fileRef = 114CF40B2F9CFAA600DB1D6B /* Settings.swift */; };
		114CF4132F9D0A7000DB1D6B /* WebViewCallback.swift in Sources */ = {isa = PBXBuildFile; fileRef = 114CF4122F9D0A6C00DB1D6B /* WebViewCallback.swift */; };
		11768DEE2FA0419C003FAE2D /* WebApp in Resources */ = {isa = PBXBuildFile; fileRef = 11768DED2FA04196003FAE2D /* WebApp */; };
		11768DF42FA04C44003FAE2D /* SleepTimerService.swift in Sources */ = {isa = PBXBuildFile; fileRef = 11768DF32FA04C44003FAE2D /* SleepTimerService.swift */; };
		11768DFA2FA1A25A003FAE2D /* String+Color.swift in Sources */ = {isa = PBXBuildFile; fileRef = 11768DF92FA1A258003FAE2D /* String+Color.swift */; };
		11768DFD2FA1A61D003FAE2D /* Swifter in Frameworks */ = {isa = PBXBuildFile; productRef = 11768DFC2FA1A61D003FAE2D /* Swifter */; };
		11768DFF2FA1A62F003FAE2D /* LocalWebServer.swift in Sources */ = {isa = PBXBuildFile; fileRef = 11768DFE2FA1A62A003FAE2D /* LocalWebServer.swift */; };
		11768E032FA1BB89003FAE2D /* Localizable.xcstrings in Resources */ = {isa = PBXBuildFile; fileRef = 11768E022FA1BB89003FAE2D /* Localizable.xcstrings */; };
		11768E0E2FA1BF08003FAE2D /* LanguageManager.swift in Sources */ = {isa = PBXBuildFile; fileRef = 11768E0D2FA1BF08003FAE2D /* LanguageManager.swift */; };
		11768E102FA1C0F4003FAE2D /* String+Localized.swift in Sources */ = {isa = PBXBuildFile; fileRef = 11768E0F2FA1C0EF003FAE2D /* String+Localized.swift */; };
		FA0FFD582479B55F00C58CFE /* AppDelegate.swift in Sources */ = {isa = PBXBuildFile; fileRef = FA0FFD572479B55F00C58CFE /* AppDelegate.swift */; };
		FA0FFD612479B56100C58CFE /* Assets.xcassets in Resources */ = {isa = PBXBuildFile; fileRef = FA0FFD602479B56100C58CFE /* Assets.xcassets */; };
		FA0FFD642479B56100C58CFE /* LaunchScreen.storyboard in Resources */ = {isa = PBXBuildFile; fileRef = FA0FFD622479B56100C58CFE /* LaunchScreen.storyboard */; };
		FA0FFD6F2479B56100C58CFE /* NightwavePlazaTests.swift in Sources */ = {isa = PBXBuildFile; fileRef = FA0FFD6E2479B56100C58CFE /* NightwavePlazaTests.swift */; };
		FA2D1DAC24E8873F00EE0556 /* WebBridgeService.swift in Sources */ = {isa = PBXBuildFile; fileRef = FA2D1DAB24E8873F00EE0556 /* WebBridgeService.swift */; };
		FA75265625052E8B00C649BC /* BackgroundCacheManager.swift in Sources */ = {isa = PBXBuildFile; fileRef = FA75265525052E8B00C649BC /* BackgroundCacheManager.swift */; };
		FAB2E1742504F7620026C008 /* StartMenuHandler.swift in Sources */ = {isa = PBXBuildFile; fileRef = FAB2E1732504F7620026C008 /* StartMenuHandler.swift */; };
		FAB2E1762504F8840026C008 /* StartMenuItem.swift in Sources */ = {isa = PBXBuildFile; fileRef = FAB2E1752504F8840026C008 /* StartMenuItem.swift */; };
		FAB2E1782504F8920026C008 /* StartMenuView.swift in Sources */ = {isa = PBXBuildFile; fileRef = FAB2E1772504F8920026C008 /* StartMenuView.swift */; };
		FAB2E17F25050B8C0026C008 /* StartMenuHeaderView.swift in Sources */ = {isa = PBXBuildFile; fileRef = FAB2E17E25050B8C0026C008 /* StartMenuHeaderView.swift */; };
		FAC43AA224D6AB300073341F /* Web.storyboard in Resources */ = {isa = PBXBuildFile; fileRef = FAC43AA124D6AB300073341F /* Web.storyboard */; };
		FAC43AA424D6AB520073341F /* MainViewController.swift in Sources */ = {isa = PBXBuildFile; fileRef = FAC43AA324D6AB520073341F /* MainViewController.swift */; };
		FAE41F05247ACFA90076D927 /* BackgroundView.swift in Sources */ = {isa = PBXBuildFile; fileRef = FAE41F04247ACFA90076D927 /* BackgroundView.swift */; };
/* End PBXBuildFile section */

/* Begin PBXContainerItemProxy section */
		FA0FFD6B2479B56100C58CFE /* PBXContainerItemProxy */ = {
			isa = PBXContainerItemProxy;
			containerPortal = FA0FFD4C2479B55F00C58CFE /* Project object */;
			proxyType = 1;
			remoteGlobalIDString = FA0FFD532479B55F00C58CFE;
			remoteInfo = NightwavePlaza;
		};
/* End PBXContainerItemProxy section */

/* Begin PBXFileReference section */
		11304CD82F9EF2EE00B3CBE0 /* WKWebView+Ext.swift */ = {isa = PBXFileReference; lastKnownFileType = sourcecode.swift; path = "WKWebView+Ext.swift"; sourceTree = "<group>"; };
		11304CDA2F9F051500B3CBE0 /* PlayerService.swift */ = {isa = PBXFileReference; lastKnownFileType = sourcecode.swift; path = PlayerService.swift; sourceTree = "<group>"; };
		11304CDC2F9F1CCD00B3CBE0 /* MetadataSyncManager.swift */ = {isa = PBXFileReference; lastKnownFileType = sourcecode.swift; path = MetadataSyncManager.swift; sourceTree = "<group>"; };
		114CF3FA2F9CF6C900DB1D6B /* APIClient.swift */ = {isa = PBXFileReference; lastKnownFileType = sourcecode.swift; path = APIClient.swift; sourceTree = "<group>"; };
		114CF3FC2F9CF73900DB1D6B /* Status.swift */ = {isa = PBXFileReference; lastKnownFileType = sourcecode.swift; path = Status.swift; sourceTree = "<group>"; };
		114CF3FE2F9CF76900DB1D6B /* Song.swift */ = {isa = PBXFileReference; lastKnownFileType = sourcecode.swift; path = Song.swift; sourceTree = "<group>"; };
		114CF40A2F9CFAA600DB1D6B /* AppPreference.swift */ = {isa = PBXFileReference; lastKnownFileType = sourcecode.swift; path = AppPreference.swift; sourceTree = "<group>"; };
		114CF40B2F9CFAA600DB1D6B /* Settings.swift */ = {isa = PBXFileReference; lastKnownFileType = sourcecode.swift; path = Settings.swift; sourceTree = "<group>"; };
		114CF4122F9D0A6C00DB1D6B /* WebViewCallback.swift */ = {isa = PBXFileReference; lastKnownFileType = sourcecode.swift; path = WebViewCallback.swift; sourceTree = "<group>"; };
		11768DED2FA04196003FAE2D /* WebApp */ = {isa = PBXFileReference; lastKnownFileType = folder; path = WebApp; sourceTree = "<group>"; };
		11768DF32FA04C44003FAE2D /* SleepTimerService.swift */ = {isa = PBXFileReference; lastKnownFileType = sourcecode.swift; path = SleepTimerService.swift; sourceTree = "<group>"; };
		11768DF92FA1A258003FAE2D /* String+Color.swift */ = {isa = PBXFileReference; lastKnownFileType = sourcecode.swift; path = "String+Color.swift"; sourceTree = "<group>"; };
		11768DFE2FA1A62A003FAE2D /* LocalWebServer.swift */ = {isa = PBXFileReference; lastKnownFileType = sourcecode.swift; path = LocalWebServer.swift; sourceTree = "<group>"; };
		11768E022FA1BB89003FAE2D /* Localizable.xcstrings */ = {isa = PBXFileReference; lastKnownFileType = text.json.xcstrings; path = Localizable.xcstrings; sourceTree = "<group>"; };
		11768E0D2FA1BF08003FAE2D /* LanguageManager.swift */ = {isa = PBXFileReference; lastKnownFileType = sourcecode.swift; path = LanguageManager.swift; sourceTree = "<group>"; };
		11768E0F2FA1C0EF003FAE2D /* String+Localized.swift */ = {isa = PBXFileReference; lastKnownFileType = sourcecode.swift; path = "String+Localized.swift"; sourceTree = "<group>"; };
		11CC250F2FB57078005CD74F /* tr */ = {isa = PBXFileReference; lastKnownFileType = text.plist.strings; name = tr; path = tr.lproj/LaunchScreen.strings; sourceTree = "<group>"; };
		FA0FFD542479B55F00C58CFE /* Nightwave Plaza.app */ = {isa = PBXFileReference; explicitFileType = wrapper.application; includeInIndex = 0; path = "Nightwave Plaza.app"; sourceTree = BUILT_PRODUCTS_DIR; };
		FA0FFD572479B55F00C58CFE /* AppDelegate.swift */ = {isa = PBXFileReference; lastKnownFileType = sourcecode.swift; path = AppDelegate.swift; sourceTree = "<group>"; };
		FA0FFD602479B56100C58CFE /* Assets.xcassets */ = {isa = PBXFileReference; lastKnownFileType = folder.assetcatalog; path = Assets.xcassets; sourceTree = "<group>"; };
		FA0FFD632479B56100C58CFE /* Base */ = {isa = PBXFileReference; lastKnownFileType = file.storyboard; name = Base; path = Base.lproj/LaunchScreen.storyboard; sourceTree = "<group>"; };
		FA0FFD652479B56100C58CFE /* Info.plist */ = {isa = PBXFileReference; lastKnownFileType = text.plist.xml; path = Info.plist; sourceTree = "<group>"; };
		FA0FFD6A2479B56100C58CFE /* NightwavePlazaTests.xctest */ = {isa = PBXFileReference; explicitFileType = wrapper.cfbundle; includeInIndex = 0; path = NightwavePlazaTests.xctest; sourceTree = BUILT_PRODUCTS_DIR; };
		FA0FFD6E2479B56100C58CFE /* NightwavePlazaTests.swift */ = {isa = PBXFileReference; lastKnownFileType = sourcecode.swift; path = NightwavePlazaTests.swift; sourceTree = "<group>"; };
		FA0FFD702479B56100C58CFE /* Info.plist */ = {isa = PBXFileReference; lastKnownFileType = text.plist.xml; path = Info.plist; sourceTree = "<group>"; };
		FA2D1DAB24E8873F00EE0556 /* WebBridgeService.swift */ = {isa = PBXFileReference; lastKnownFileType = sourcecode.swift; path = WebBridgeService.swift; sourceTree = "<group>"; };
		FA6E52F4251FCADA00622119 /* Nightwave Plaza.entitlements */ = {isa = PBXFileReference; lastKnownFileType = text.plist.entitlements; path = "Nightwave Plaza.entitlements"; sourceTree = "<group>"; };
		FA7069BE247A6ABB00AFBD61 /* NightwavePlaza-Bridging-Header.h */ = {isa = PBXFileReference; lastKnownFileType = sourcecode.c.h; path = "NightwavePlaza-Bridging-Header.h"; sourceTree = "<group>"; };
		FA75265525052E8B00C649BC /* BackgroundCacheManager.swift */ = {isa = PBXFileReference; lastKnownFileType = sourcecode.swift; path = BackgroundCacheManager.swift; sourceTree = "<group>"; };
		FAB2E1732504F7620026C008 /* StartMenuHandler.swift */ = {isa = PBXFileReference; lastKnownFileType = sourcecode.swift; path = StartMenuHandler.swift; sourceTree = "<group>"; };
		FAB2E1752504F8840026C008 /* StartMenuItem.swift */ = {isa = PBXFileReference; lastKnownFileType = sourcecode.swift; path = StartMenuItem.swift; sourceTree = "<group>"; };
		FAB2E1772504F8920026C008 /* StartMenuView.swift */ = {isa = PBXFileReference; lastKnownFileType = sourcecode.swift; path = StartMenuView.swift; sourceTree = "<group>"; };
		FAB2E17E25050B8C0026C008 /* StartMenuHeaderView.swift */ = {isa = PBXFileReference; lastKnownFileType = sourcecode.swift; path = StartMenuHeaderView.swift; sourceTree = "<group>"; };
		FAC43AA124D6AB300073341F /* Web.storyboard */ = {isa = PBXFileReference; lastKnownFileType = file.storyboard; path = Web.storyboard; sourceTree = "<group>"; };
		FAC43AA324D6AB520073341F /* MainViewController.swift */ = {isa = PBXFileReference; lastKnownFileType = sourcecode.swift; path = MainViewController.swift; sourceTree = "<group>"; };
		FAE41F04247ACFA90076D927 /* BackgroundView.swift */ = {isa = PBXFileReference; lastKnownFileType = sourcecode.swift; path = BackgroundView.swift; sourceTree = "<group>"; };
/* End PBXFileReference section */

/* Begin PBXFrameworksBuildPhase section */
		FA0FFD512479B55F00C58CFE /* Frameworks */ = {
			isa = PBXFrameworksBuildPhase;
			buildActionMask = 2147483647;
			files = (
				11768DFD2FA1A61D003FAE2D /* Swifter in Frameworks */,
			);
			runOnlyForDeploymentPostprocessing = 0;
		};
		FA0FFD672479B56100C58CFE /* Frameworks */ = {
			isa = PBXFrameworksBuildPhase;
			buildActionMask = 2147483647;
			files = (
			);
			runOnlyForDeploymentPostprocessing = 0;
		};
/* End PBXFrameworksBuildPhase section */

/* Begin PBXGroup section */
		114CF40C2F9CFAA600DB1D6B /* Preferences */ = {
			isa = PBXGroup;
			children = (
				114CF40A2F9CFAA600DB1D6B /* AppPreference.swift */,
				114CF40B2F9CFAA600DB1D6B /* Settings.swift */,
			);
			path = Preferences;
			sourceTree = "<group>";
		};
		114CF4112F9D0A6200DB1D6B /* View */ = {
			isa = PBXGroup;
			children = (
				11304CD82F9EF2EE00B3CBE0 /* WKWebView+Ext.swift */,
				114CF4122F9D0A6C00DB1D6B /* WebViewCallback.swift */,
				FA2D1DAB24E8873F00EE0556 /* WebBridgeService.swift */,
			);
			path = View;
			sourceTree = "<group>";
		};
		114CF4142F9D0C3800DB1D6B /* Background */ = {
			isa = PBXGroup;
			children = (
				FAE41F04247ACFA90076D927 /* BackgroundView.swift */,
				FA75265525052E8B00C649BC /* BackgroundCacheManager.swift */,
			);
			path = Background;
			sourceTree = "<group>";
		};
		11768DF62FA1A1C7003FAE2D /* Utils */ = {
			isa = PBXGroup;
			children = (
				11768E0F2FA1C0EF003FAE2D /* String+Localized.swift */,
				11768E0D2FA1BF08003FAE2D /* LanguageManager.swift */,
				11768DF92FA1A258003FAE2D /* String+Color.swift */,
			);
			path = Utils;
			sourceTree = "<group>";
		};
		B2348EC994803B27A77EBFB5 /* Network */ = {
			isa = PBXGroup;
			children = (
				FA7069C6247A6FC500AFBD61 /* Models */,
				FA7069C3247A6AEA00AFBD61 /* Client */,
				FA7069BE247A6ABB00AFBD61 /* NightwavePlaza-Bridging-Header.h */,
			);
			path = Network;
			sourceTree = "<group>";
		};
		FA0FFD4B2479B55F00C58CFE = {
			isa = PBXGroup;
			children = (
				11768E022FA1BB89003FAE2D /* Localizable.xcstrings */,
				FA0FFD562479B55F00C58CFE /* NightwavePlaza */,
				FA0FFD6D2479B56100C58CFE /* NightwavePlazaTests */,
				FA0FFD552479B55F00C58CFE /* Products */,
			);
			sourceTree = "<group>";
		};
		FA0FFD552479B55F00C58CFE /* Products */ = {
			isa = PBXGroup;
			children = (
				FA0FFD542479B55F00C58CFE /* Nightwave Plaza.app */,
				FA0FFD6A2479B56100C58CFE /* NightwavePlazaTests.xctest */,
			);
			name = Products;
			sourceTree = "<group>";
		};
		FA0FFD562479B55F00C58CFE /* NightwavePlaza */ = {
			isa = PBXGroup;
			children = (
				11768DED2FA04196003FAE2D /* WebApp */,
				FA6E52F4251FCADA00622119 /* Nightwave Plaza.entitlements */,
				FA0FFD652479B56100C58CFE /* Info.plist */,
				FAC43AA124D6AB300073341F /* Web.storyboard */,
				FA0FFD572479B55F00C58CFE /* AppDelegate.swift */,
				FAC43AA324D6AB520073341F /* MainViewController.swift */,
				FA0FFD602479B56100C58CFE /* Assets.xcassets */,
				114CF4142F9D0C3800DB1D6B /* Background */,
				FA0FFD622479B56100C58CFE /* LaunchScreen.storyboard */,
				B2348EC994803B27A77EBFB5 /* Network */,
				114CF40C2F9CFAA600DB1D6B /* Preferences */,
				FAE41EF8247A85B90076D927 /* Services */,
				FAB2E1722504F74F0026C008 /* Start Menu */,
				11768DF62FA1A1C7003FAE2D /* Utils */,
				114CF4112F9D0A6200DB1D6B /* View */,
			);
			path = NightwavePlaza;
			sourceTree = "<group>";
		};
		FA0FFD6D2479B56100C58CFE /* NightwavePlazaTests */ = {
			isa = PBXGroup;
			children = (
				FA0FFD6E2479B56100C58CFE /* NightwavePlazaTests.swift */,
				FA0FFD702479B56100C58CFE /* Info.plist */,
			);
			path = NightwavePlazaTests;
			sourceTree = "<group>";
		};
		FA7069C3247A6AEA00AFBD61 /* Client */ = {
			isa = PBXGroup;
			children = (
				114CF3FA2F9CF6C900DB1D6B /* APIClient.swift */,
			);
			path = Client;
			sourceTree = "<group>";
		};
		FA7069C6247A6FC500AFBD61 /* Models */ = {
			isa = PBXGroup;
			children = (
				114CF3FE2F9CF76900DB1D6B /* Song.swift */,
				114CF3FC2F9CF73900DB1D6B /* Status.swift */,
			);
			path = Models;
			sourceTree = "<group>";
		};
		FAB2E1722504F74F0026C008 /* Start Menu */ = {
			isa = PBXGroup;
			children = (
				FAB2E1732504F7620026C008 /* StartMenuHandler.swift */,
				FAB2E1752504F8840026C008 /* StartMenuItem.swift */,
				FAB2E1772504F8920026C008 /* StartMenuView.swift */,
				FAB2E17E25050B8C0026C008 /* StartMenuHeaderView.swift */,
			);
			path = "Start Menu";
			sourceTree = "<group>";
		};
		FAE41EF8247A85B90076D927 /* Services */ = {
			isa = PBXGroup;
			children = (
				11768DF32FA04C44003FAE2D /* SleepTimerService.swift */,
				11304CDC2F9F1CCD00B3CBE0 /* MetadataSyncManager.swift */,
				11304CDA2F9F051500B3CBE0 /* PlayerService.swift */,
				11768DFE2FA1A62A003FAE2D /* LocalWebServer.swift */,
			);
			path = Services;
			sourceTree = "<group>";
		};
/* End PBXGroup section */

/* Begin PBXHeadersBuildPhase section */
		F43FEBE5E46363347EC38A4E /* Headers */ = {
			isa = PBXHeadersBuildPhase;
			buildActionMask = 2147483647;
			files = (
			);
			runOnlyForDeploymentPostprocessing = 0;
		};
/* End PBXHeadersBuildPhase section */

/* Begin PBXNativeTarget section */
		FA0FFD532479B55F00C58CFE /* NightwavePlaza */ = {
			isa = PBXNativeTarget;
			buildConfigurationList = FA0FFD732479B56100C58CFE /* Build configuration list for PBXNativeTarget "NightwavePlaza" */;
			buildPhases = (
				FA0FFD502479B55F00C58CFE /* Sources */,
				FA0FFD512479B55F00C58CFE /* Frameworks */,
				FA0FFD522479B55F00C58CFE /* Resources */,
				F43FEBE5E46363347EC38A4E /* Headers */,
			);
			buildRules = (
			);
			dependencies = (
			);
			name = NightwavePlaza;
			productName = NightwavePlaza;
			productReference = FA0FFD542479B55F00C58CFE /* Nightwave Plaza.app */;
			productType = "com.apple.product-type.application";
		};
		FA0FFD692479B56100C58CFE /* NightwavePlazaTests */ = {
			isa = PBXNativeTarget;
			buildConfigurationList = FA0FFD762479B56100C58CFE /* Build configuration list for PBXNativeTarget "NightwavePlazaTests" */;
			buildPhases = (
				FA0FFD662479B56100C58CFE /* Sources */,
				FA0FFD672479B56100C58CFE /* Frameworks */,
				FA0FFD682479B56100C58CFE /* Resources */,
			);
			buildRules = (
			);
			dependencies = (
				FA0FFD6C2479B56100C58CFE /* PBXTargetDependency */,
			);
			name = NightwavePlazaTests;
			productName = NightwavePlazaTests;
			productReference = FA0FFD6A2479B56100C58CFE /* NightwavePlazaTests.xctest */;
			productType = "com.apple.product-type.bundle.unit-test";
		};
/* End PBXNativeTarget section */

/* Begin PBXProject section */
		FA0FFD4C2479B55F00C58CFE /* Project object */ = {
			isa = PBXProject;
			attributes = {
				BuildIndependentTargetsInParallel = YES;
				LastSwiftUpdateCheck = 1140;
				LastUpgradeCheck = 1600;
				ORGANIZATIONNAME = "Alexander Morozov";
				TargetAttributes = {
					FA0FFD532479B55F00C58CFE = {
						CreatedOnToolsVersion = 11.4.1;
						LastSwiftMigration = 1150;
					};
					FA0FFD692479B56100C58CFE = {
						CreatedOnToolsVersion = 11.4.1;
						TestTargetID = FA0FFD532479B55F00C58CFE;
					};
				};
			};
			buildConfigurationList = FA0FFD4F2479B55F00C58CFE /* Build configuration list for PBXProject "NightwavePlaza" */;
			developmentRegion = en;
			hasScannedForEncodings = 0;
			knownRegions = (
				en,
				Base,
				ru,
				es,
				it,
				ca,
				"zh-Hant",
				de,
				"pt-BR",
				ja,
				tr,
			);
			mainGroup = FA0FFD4B2479B55F00C58CFE;
			packageReferences = (
				11768DFB2FA1A61D003FAE2D /* XCRemoteSwiftPackageReference "swifter" */,
			);
			preferredProjectObjectVersion = 77;
			productRefGroup = FA0FFD552479B55F00C58CFE /* Products */;
			projectDirPath = "";
			projectRoot = "";
			targets = (
				FA0FFD532479B55F00C58CFE /* NightwavePlaza */,
				FA0FFD692479B56100C58CFE /* NightwavePlazaTests */,
			);
		};
/* End PBXProject section */

/* Begin PBXResourcesBuildPhase section */
		FA0FFD522479B55F00C58CFE /* Resources */ = {
			isa = PBXResourcesBuildPhase;
			buildActionMask = 2147483647;
			files = (
				FA0FFD642479B56100C58CFE /* LaunchScreen.storyboard in Resources */,
				11768E032FA1BB89003FAE2D /* Localizable.xcstrings in Resources */,
				11768DEE2FA0419C003FAE2D /* WebApp in Resources */,
				FA0FFD612479B56100C58CFE /* Assets.xcassets in Resources */,
				FAC43AA224D6AB300073341F /* Web.storyboard in Resources */,
			);
			runOnlyForDeploymentPostprocessing = 0;
		};
		FA0FFD682479B56100C58CFE /* Resources */ = {
			isa = PBXResourcesBuildPhase;
			buildActionMask = 2147483647;
			files = (
			);
			runOnlyForDeploymentPostprocessing = 0;
		};
/* End PBXResourcesBuildPhase section */

/* Begin PBXSourcesBuildPhase section */
		FA0FFD502479B55F00C58CFE /* Sources */ = {
			isa = PBXSourcesBuildPhase;
			buildActionMask = 2147483647;
			files = (
				FAE41F05247ACFA90076D927 /* BackgroundView.swift in Sources */,
				FA75265625052E8B00C649BC /* BackgroundCacheManager.swift in Sources */,
				114CF40D2F9CFAA600DB1D6B /* AppPreference.swift in Sources */,
				114CF40E2F9CFAA600DB1D6B /* Settings.swift in Sources */,
				114CF3FB2F9CF6D000DB1D6B /* APIClient.swift in Sources */,
				114CF4132F9D0A7000DB1D6B /* WebViewCallback.swift in Sources */,
				FAB2E1742504F7620026C008 /* StartMenuHandler.swift in Sources */,
				11768E0E2FA1BF08003FAE2D /* LanguageManager.swift in Sources */,
				114CF3FF2F9CF76B00DB1D6B /* Song.swift in Sources */,
				FAB2E1762504F8840026C008 /* StartMenuItem.swift in Sources */,
				11304CDD2F9F1CD200B3CBE0 /* MetadataSyncManager.swift in Sources */,
				FAB2E17F25050B8C0026C008 /* StartMenuHeaderView.swift in Sources */,
				FA0FFD582479B55F00C58CFE /* AppDelegate.swift in Sources */,
				11768DF42FA04C44003FAE2D /* SleepTimerService.swift in Sources */,
				FAB2E1782504F8920026C008 /* StartMenuView.swift in Sources */,
				11768E102FA1C0F4003FAE2D /* String+Localized.swift in Sources */,
				FA2D1DAC24E8873F00EE0556 /* WebBridgeService.swift in Sources */,
				114CF3FD2F9CF73A00DB1D6B /* Status.swift in Sources */,
				11768DFA2FA1A25A003FAE2D /* String+Color.swift in Sources */,
				11304CD92F9EF2F500B3CBE0 /* WKWebView+Ext.swift in Sources */,
				11304CDB2F9F051900B3CBE0 /* PlayerService.swift in Sources */,
				FAC43AA424D6AB520073341F /* MainViewController.swift in Sources */,
				11768DFF2FA1A62F003FAE2D /* LocalWebServer.swift in Sources */,
			);
			runOnlyForDeploymentPostprocessing = 0;
		};
		FA0FFD662479B56100C58CFE /* Sources */ = {
			isa = PBXSourcesBuildPhase;
			buildActionMask = 2147483647;
			files = (
				FA0FFD6F2479B56100C58CFE /* NightwavePlazaTests.swift in Sources */,
			);
			runOnlyForDeploymentPostprocessing = 0;
		};
/* End PBXSourcesBuildPhase section */

/* Begin PBXTargetDependency section */
		FA0FFD6C2479B56100C58CFE /* PBXTargetDependency */ = {
			isa = PBXTargetDependency;
			target = FA0FFD532479B55F00C58CFE /* NightwavePlaza */;
			targetProxy = FA0FFD6B2479B56100C58CFE /* PBXContainerItemProxy */;
		};
/* End PBXTargetDependency section */

/* Begin PBXVariantGroup section */
		FA0FFD622479B56100C58CFE /* LaunchScreen.storyboard */ = {
			isa = PBXVariantGroup;
			children = (
				FA0FFD632479B56100C58CFE /* Base */,
				11CC250F2FB57078005CD74F /* tr */,
			);
			name = LaunchScreen.storyboard;
			sourceTree = "<group>";
		};
/* End PBXVariantGroup section */

/* Begin XCBuildConfiguration section */
		FA0FFD712479B56100C58CFE /* Debug */ = {
			isa = XCBuildConfiguration;
			buildSettings = {
				ALWAYS_SEARCH_USER_PATHS = NO;
				ASSETCATALOG_COMPILER_GENERATE_SWIFT_ASSET_SYMBOL_EXTENSIONS = YES;
				CLANG_ANALYZER_LOCALIZABILITY_NONLOCALIZED = YES;
				CLANG_ANALYZER_NONNULL = YES;
				CLANG_ANALYZER_NUMBER_OBJECT_CONVERSION = YES_AGGRESSIVE;
				CLANG_CXX_LANGUAGE_STANDARD = "gnu++14";
				CLANG_CXX_LIBRARY = "libc++";
				CLANG_ENABLE_MODULES = YES;
				CLANG_ENABLE_OBJC_ARC = YES;
				CLANG_ENABLE_OBJC_WEAK = YES;
				CLANG_WARN_BLOCK_CAPTURE_AUTORELEASING = YES;
				CLANG_WARN_BOOL_CONVERSION = YES;
				CLANG_WARN_COMMA = YES;
				CLANG_WARN_CONSTANT_CONVERSION = YES;
				CLANG_WARN_DEPRECATED_OBJC_IMPLEMENTATIONS = YES;
				CLANG_WARN_DIRECT_OBJC_ISA_USAGE = YES_ERROR;
				CLANG_WARN_DOCUMENTATION_COMMENTS = YES;
				CLANG_WARN_EMPTY_BODY = YES;
				CLANG_WARN_ENUM_CONVERSION = YES;
				CLANG_WARN_INFINITE_RECURSION = YES;
				CLANG_WARN_INT_CONVERSION = YES;
				CLANG_WARN_NON_LITERAL_NULL_CONVERSION = YES;
				CLANG_WARN_OBJC_IMPLICIT_RETAIN_SELF = YES;
				CLANG_WARN_OBJC_LITERAL_CONVERSION = YES;
				CLANG_WARN_OBJC_ROOT_CLASS = YES_ERROR;
				CLANG_WARN_QUOTED_INCLUDE_IN_FRAMEWORK_HEADER = YES;
				CLANG_WARN_RANGE_LOOP_ANALYSIS = YES;
				CLANG_WARN_STRICT_PROTOTYPES = YES;
				CLANG_WARN_SUSPICIOUS_MOVE = YES;
				CLANG_WARN_UNGUARDED_AVAILABILITY = YES_AGGRESSIVE;
				CLANG_WARN_UNREACHABLE_CODE = YES;
				CLANG_WARN__DUPLICATE_METHOD_MATCH = YES;
				COPY_PHASE_STRIP = NO;
				DEBUG_INFORMATION_FORMAT = dwarf;
				ENABLE_STRICT_OBJC_MSGSEND = YES;
				ENABLE_TESTABILITY = YES;
				ENABLE_USER_SCRIPT_SANDBOXING = YES;
				GCC_C_LANGUAGE_STANDARD = gnu11;
				GCC_DYNAMIC_NO_PIC = NO;
				GCC_NO_COMMON_BLOCKS = YES;
				GCC_OPTIMIZATION_LEVEL = 0;
				GCC_PREPROCESSOR_DEFINITIONS = (
					"DEBUG=1",
					"$(inherited)",
				);
				GCC_WARN_64_TO_32_BIT_CONVERSION = YES;
				GCC_WARN_ABOUT_RETURN_TYPE = YES_ERROR;
				GCC_WARN_UNDECLARED_SELECTOR = YES;
				GCC_WARN_UNINITIALIZED_AUTOS = YES_AGGRESSIVE;
				GCC_WARN_UNUSED_FUNCTION = YES;
				GCC_WARN_UNUSED_VARIABLE = YES;
				IPHONEOS_DEPLOYMENT_TARGET = 15.6;
				MTL_ENABLE_DEBUG_INFO = INCLUDE_SOURCE;
				MTL_FAST_MATH = YES;
				ONLY_ACTIVE_ARCH = YES;
				SDKROOT = iphoneos;
				SWIFT_ACTIVE_COMPILATION_CONDITIONS = DEBUG;
				SWIFT_EMIT_LOC_STRINGS = YES;
				SWIFT_OPTIMIZATION_LEVEL = "-Onone";
			};
			name = Debug;
		};
		FA0FFD722479B56100C58CFE /* Release */ = {
			isa = XCBuildConfiguration;
			buildSettings = {
				ALWAYS_SEARCH_USER_PATHS = NO;
				ASSETCATALOG_COMPILER_GENERATE_SWIFT_ASSET_SYMBOL_EXTENSIONS = YES;
				CLANG_ANALYZER_LOCALIZABILITY_NONLOCALIZED = YES;
				CLANG_ANALYZER_NONNULL = YES;
				CLANG_ANALYZER_NUMBER_OBJECT_CONVERSION = YES_AGGRESSIVE;
				CLANG_CXX_LANGUAGE_STANDARD = "gnu++14";
				CLANG_CXX_LIBRARY = "libc++";
				CLANG_ENABLE_MODULES = YES;
				CLANG_ENABLE_OBJC_ARC = YES;
				CLANG_ENABLE_OBJC_WEAK = YES;
				CLANG_WARN_BLOCK_CAPTURE_AUTORELEASING = YES;
				CLANG_WARN_BOOL_CONVERSION = YES;
				CLANG_WARN_COMMA = YES;
				CLANG_WARN_CONSTANT_CONVERSION = YES;
				CLANG_WARN_DEPRECATED_OBJC_IMPLEMENTATIONS = YES;
				CLANG_WARN_DIRECT_OBJC_ISA_USAGE = YES_ERROR;
				CLANG_WARN_DOCUMENTATION_COMMENTS = YES;
				CLANG_WARN_EMPTY_BODY = YES;
				CLANG_WARN_ENUM_CONVERSION = YES;
				CLANG_WARN_INFINITE_RECURSION = YES;
				CLANG_WARN_INT_CONVERSION = YES;
				CLANG_WARN_NON_LITERAL_NULL_CONVERSION = YES;
				CLANG_WARN_OBJC_IMPLICIT_RETAIN_SELF = YES;
				CLANG_WARN_OBJC_LITERAL_CONVERSION = YES;
				CLANG_WARN_OBJC_ROOT_CLASS = YES_ERROR;
				CLANG_WARN_QUOTED_INCLUDE_IN_FRAMEWORK_HEADER = YES;
				CLANG_WARN_RANGE_LOOP_ANALYSIS = YES;
				CLANG_WARN_STRICT_PROTOTYPES = YES;
				CLANG_WARN_SUSPICIOUS_MOVE = YES;
				CLANG_WARN_UNGUARDED_AVAILABILITY = YES_AGGRESSIVE;
				CLANG_WARN_UNREACHABLE_CODE = YES;
				CLANG_WARN__DUPLICATE_METHOD_MATCH = YES;
				COPY_PHASE_STRIP = NO;
				DEBUG_INFORMATION_FORMAT = "dwarf-with-dsym";
				ENABLE_NS_ASSERTIONS = NO;
				ENABLE_STRICT_OBJC_MSGSEND = YES;
				ENABLE_USER_SCRIPT_SANDBOXING = YES;
				GCC_C_LANGUAGE_STANDARD = gnu11;
				GCC_NO_COMMON_BLOCKS = YES;
				GCC_WARN_64_TO_32_BIT_CONVERSION = YES;
				GCC_WARN_ABOUT_RETURN_TYPE = YES_ERROR;
				GCC_WARN_UNDECLARED_SELECTOR = YES;
				GCC_WARN_UNINITIALIZED_AUTOS = YES_AGGRESSIVE;
				GCC_WARN_UNUSED_FUNCTION = YES;
				GCC_WARN_UNUSED_VARIABLE = YES;
				IPHONEOS_DEPLOYMENT_TARGET = 15.6;
				MTL_ENABLE_DEBUG_INFO = NO;
				MTL_FAST_MATH = YES;
				SDKROOT = iphoneos;
				SWIFT_COMPILATION_MODE = wholemodule;
				SWIFT_EMIT_LOC_STRINGS = YES;
				SWIFT_OPTIMIZATION_LEVEL = "-O";
				VALIDATE_PRODUCT = YES;
			};
			name = Release;
		};
		FA0FFD742479B56100C58CFE /* Debug */ = {
			isa = XCBuildConfiguration;
			buildSettings = {
				ASSETCATALOG_COMPILER_APPICON_NAME = AppIcon;
				CLANG_ENABLE_MODULES = YES;
				CODE_SIGN_ENTITLEMENTS = "NightwavePlaza/Nightwave Plaza.entitlements";
				CODE_SIGN_IDENTITY = "Apple Development";
				CODE_SIGN_STYLE = Automatic;
				CURRENT_PROJECT_VERSION = 10;
				DEVELOPMENT_TEAM = 9FQX2JHWBB;
				INFOPLIST_FILE = NightwavePlaza/Info.plist;
				INFOPLIST_KEY_LSApplicationCategoryType = "public.app-category.music";
				IPHONEOS_DEPLOYMENT_TARGET = 15.6;
				LD_RUNPATH_SEARCH_PATHS = (
					"$(inherited)",
					"@executable_path/Frameworks",
				);
				MARKETING_VERSION = 2.0;
				PRODUCT_BUNDLE_IDENTIFIER = com.nightwaveplaza.NightwavePlaza;
				PRODUCT_NAME = "Nightwave Plaza";
				PROVISIONING_PROFILE_SPECIFIER = "";
				SUPPORTS_MACCATALYST = YES;
				SWIFT_OBJC_BRIDGING_HEADER = "NightwavePlaza/Network/NightwavePlaza-Bridging-Header.h";
				SWIFT_OPTIMIZATION_LEVEL = "-Onone";
				SWIFT_VERSION = 5.0;
				TARGETED_DEVICE_FAMILY = "1,2";
				VERSIONING_SYSTEM = "apple-generic";
			};
			name = Debug;
		};
		FA0FFD752479B56100C58CFE /* Release */ = {
			isa = XCBuildConfiguration;
			buildSettings = {
				ASSETCATALOG_COMPILER_APPICON_NAME = AppIcon;
				CLANG_ENABLE_MODULES = YES;
				CODE_SIGN_ENTITLEMENTS = "NightwavePlaza/Nightwave Plaza.entitlements";
				CODE_SIGN_IDENTITY = "Apple Development";
				CODE_SIGN_STYLE = Automatic;
				CURRENT_PROJECT_VERSION = 10;
				DEVELOPMENT_TEAM = 9FQX2JHWBB;
				INFOPLIST_FILE = NightwavePlaza/Info.plist;
				INFOPLIST_KEY_LSApplicationCategoryType = "public.app-category.music";
				IPHONEOS_DEPLOYMENT_TARGET = 15.6;
				LD_RUNPATH_SEARCH_PATHS = (
					"$(inherited)",
					"@executable_path/Frameworks",
				);
				MARKETING_VERSION = 2.0;
				PRODUCT_BUNDLE_IDENTIFIER = com.nightwaveplaza.NightwavePlaza;
				PRODUCT_NAME = "Nightwave Plaza";
				PROVISIONING_PROFILE_SPECIFIER = "";
				SUPPORTS_MACCATALYST = YES;
				SWIFT_OBJC_BRIDGING_HEADER = "NightwavePlaza/Network/NightwavePlaza-Bridging-Header.h";
				SWIFT_VERSION = 5.0;
				TARGETED_DEVICE_FAMILY = "1,2";
				VERSIONING_SYSTEM = "apple-generic";
			};
			name = Release;
		};
		FA0FFD772479B56100C58CFE /* Debug */ = {
			isa = XCBuildConfiguration;
			buildSettings = {
				BUNDLE_LOADER = "$(TEST_HOST)";
				CODE_SIGN_STYLE = Automatic;
				DEVELOPMENT_TEAM = 5KKT4KK2FG;
				INFOPLIST_FILE = NightwavePlazaTests/Info.plist;
				IPHONEOS_DEPLOYMENT_TARGET = 13.4;
				LD_RUNPATH_SEARCH_PATHS = (
					"$(inherited)",
					"@executable_path/Frameworks",
					"@loader_path/Frameworks",
				);
				PRODUCT_BUNDLE_IDENTIFIER = com.alexgarbarev.NightwavePlazaTests;
				PRODUCT_NAME = "$(TARGET_NAME)";
				SWIFT_VERSION = 5.0;
				TARGETED_DEVICE_FAMILY = "1,2";
				TEST_HOST = "$(BUILT_PRODUCTS_DIR)/NightwavePlaza.app/NightwavePlaza";
			};
			name = Debug;
		};
		FA0FFD782479B56100C58CFE /* Release */ = {
			isa = XCBuildConfiguration;
			buildSettings = {
				BUNDLE_LOADER = "$(TEST_HOST)";
				CODE_SIGN_STYLE = Automatic;
				DEVELOPMENT_TEAM = 5KKT4KK2FG;
				INFOPLIST_FILE = NightwavePlazaTests/Info.plist;
				IPHONEOS_DEPLOYMENT_TARGET = 13.4;
				LD_RUNPATH_SEARCH_PATHS = (
					"$(inherited)",
					"@executable_path/Frameworks",
					"@loader_path/Frameworks",
				);
				PRODUCT_BUNDLE_IDENTIFIER = com.alexgarbarev.NightwavePlazaTests;
				PRODUCT_NAME = "$(TARGET_NAME)";
				SWIFT_VERSION = 5.0;
				TARGETED_DEVICE_FAMILY = "1,2";
				TEST_HOST = "$(BUILT_PRODUCTS_DIR)/NightwavePlaza.app/NightwavePlaza";
			};
			name = Release;
		};
/* End XCBuildConfiguration section */

/* Begin XCConfigurationList section */
		FA0FFD4F2479B55F00C58CFE /* Build configuration list for PBXProject "NightwavePlaza" */ = {
			isa = XCConfigurationList;
			buildConfigurations = (
				FA0FFD712479B56100C58CFE /* Debug */,
				FA0FFD722479B56100C58CFE /* Release */,
			);
			defaultConfigurationIsVisible = 0;
			defaultConfigurationName = Release;
		};
		FA0FFD732479B56100C58CFE /* Build configuration list for PBXNativeTarget "NightwavePlaza" */ = {
			isa = XCConfigurationList;
			buildConfigurations = (
				FA0FFD742479B56100C58CFE /* Debug */,
				FA0FFD752479B56100C58CFE /* Release */,
			);
			defaultConfigurationIsVisible = 0;
			defaultConfigurationName = Release;
		};
		FA0FFD762479B56100C58CFE /* Build configuration list for PBXNativeTarget "NightwavePlazaTests" */ = {
			isa = XCConfigurationList;
			buildConfigurations = (
				FA0FFD772479B56100C58CFE /* Debug */,
				FA0FFD782479B56100C58CFE /* Release */,
			);
			defaultConfigurationIsVisible = 0;
			defaultConfigurationName = Release;
		};
/* End XCConfigurationList section */

/* Begin XCRemoteSwiftPackageReference section */
		11768DFB2FA1A61D003FAE2D /* XCRemoteSwiftPackageReference "swifter" */ = {
			isa = XCRemoteSwiftPackageReference;
			repositoryURL = "https://github.com/httpswift/swifter.git";
			requirement = {
				kind = upToNextMajorVersion;
				minimumVersion = 1.5.0;
			};
		};
/* End XCRemoteSwiftPackageReference section */

/* Begin XCSwiftPackageProductDependency section */
		11768DFC2FA1A61D003FAE2D /* Swifter */ = {
			isa = XCSwiftPackageProductDependency;
			package = 11768DFB2FA1A61D003FAE2D /* XCRemoteSwiftPackageReference "swifter" */;
			productName = Swifter;
		};
/* End XCSwiftPackageProductDependency section */
	};
	rootObject = FA0FFD4C2479B55F00C58CFE /* Project object */;
}
